
Microsoft Visual Studio Solution File, Format Version 12.00
Project("{FAE04EC0-301F-11D3-BF4B-00C04F79EFBC}") = "Lunar", "Lunar\Lunar.csproj", "{2248340C-30AE-4E08-8E80-55603861B9F0}"
EndProject
Project("{FAE04EC0-301F-11D3-BF4B-00C04F79EFBC}") = "Lunar.Tests", "Lunar.Tests\Lunar.Tests.csproj", "{64B94C7C-92EC-45CD-9D4C-2A0151514597}"
EndProject
Global
	GlobalSection(SolutionConfigurationPlatforms) = preSolution
		Debug|Any CPU = Debug|Any CPU
		Release|Any CPU = Release|Any CPU
	EndGlobalSection
	GlobalSection(ProjectConfigurationPlatforms) = postSolution
		{2248340C-30AE-4E08-8E80-55603861B9F0}.Debug|Any CPU.ActiveCfg = Debug|Any CPU
		{2248340C-30AE-4E08-8E80-55603861B9F0}.Debug|Any CPU.Build.0 = Debug|Any CPU
		{2248340C-30AE-4E08-8E80-55603861B9F0}.Release|Any CPU.ActiveCfg = Release|Any CPU
		{2248340C-30AE-4E08-8E80-55603861B9F0}.Release|Any CPU.Build.0 = Release|Any CPU
		{64B94C7C-92EC-45CD-9D4C-2A0151514597}.Debug|Any CPU.ActiveCfg = Debug|Any CPU
		{64B94C7C-92EC-45CD-9D4C-2A0151514597}.Debug|Any CPU.Build.0 = Debug|Any CPU
		{64B94C7C-92EC-45CD-9D4C-2A0151514597}.Release|Any CPU.ActiveCfg = Release|Any CPU
		{64B94C7C-92EC-45CD-9D4C-2A0151514597}.Release|Any CPU.Build.0 = Release|Any CPU
	EndGlobalSection
EndGlobal
